// !$*UTF8*$!
{
	archiveVersion = 1;
	classes = {
	};
	objectVersion = 48;
	objects = {

/* Begin PBXBuildFile section */
		34EC98F56D27EA40A64D4549 /* Pods_Project_1UITests.framework in Frameworks */ = {isa = PBXBuildFile; fileRef = 5D930A89BE165805125B09A3 /* Pods_Project_1UITests.framework */; };
		BFAE2C3EA18F457D06205ECE /* Pods_Project_1.framework in Frameworks */ = {isa = PBXBuildFile; fileRef = 98755D606F21030134E55AE5 /* Pods_Project_1.framework */; };
		E45C3C432045D8980042386B /* AppDelegate.swift in Sources */ = {isa = PBXBuildFile; fileRef = E45C3C422045D8980042386B /* AppDelegate.swift */; };
		E45C3C452045D8980042386B /* FirstViewController.swift in Sources */ = {isa = PBXBuildFile; fileRef = E45C3C442045D8980042386B /* FirstViewController.swift */; };
		E45C3C472045D8980042386B /* SecondViewController.swift in Sources */ = {isa = PBXBuildFile; fileRef = E45C3C462045D8980042386B /* SecondViewController.swift */; };
		E45C3C4A2045D8980042386B /* Main.storyboard in Resources */ = {isa = PBXBuildFile; fileRef = E45C3C482045D8980042386B /* Main.storyboard */; };
		E45C3C4C2045D8980042386B /* Assets.xcassets in Resources */ = {isa = PBXBuildFile; fileRef = E45C3C4B2045D8980042386B /* Assets.xcassets */; };
		E45C3C4F2045D8980042386B /* LaunchScreen.storyboard in Resources */ = {isa = PBXBuildFile; fileRef = E45C3C4D2045D8980042386B /* LaunchScreen.storyboard */; };
		E45C3C5A2045D8980042386B /* Project_1UITests.swift in Sources */ = {isa = PBXBuildFile; fileRef = E45C3C592045D8980042386B /* Project_1UITests.swift */; };
		E45C3C652045E2850042386B /* ThirdViewController.swift in Sources */ = {isa = PBXBuildFile; fileRef = E45C3C642045E2850042386B /* ThirdViewController.swift */; };
		E45C3C672045E29C0042386B /* FourthViewController.swift in Sources */ = {isa = PBXBuildFile; fileRef = E45C3C662045E29C0042386B /* FourthViewController.swift */; };
		E45C3C692045E3A40042386B /* votes.swift in Sources */ = {isa = PBXBuildFile; fileRef = E45C3C682045E3A40042386B /* votes.swift */; };
		E48F55E12054634A0092DE4D /* officecharacters.plist in Resources */ = {isa = PBXBuildFile; fileRef = E48F55E02054634A0092DE4D /* officecharacters.plist */; };
		E48F693320545F9F0016AD7F /* GoogleService-Info.plist in Resources */ = {isa = PBXBuildFile; fileRef = E48F693220545F9F0016AD7F /* GoogleService-Info.plist */; };
/* End PBXBuildFile section */

/* Begin PBXContainerItemProxy section */
		E45C3C562045D8980042386B /* PBXContainerItemProxy */ = {
			isa = PBXContainerItemProxy;
			containerPortal = E45C3C372045D8970042386B /* Project object */;
			proxyType = 1;
			remoteGlobalIDString = E45C3C3E2045D8970042386B;
			remoteInfo = "Project 1";
		};
/* End PBXContainerItemProxy section */

/* Begin PBXFileReference section */
		4CA80E1B1AC1CF436EF9904D /* Pods-Project 1.debug.xcconfig */ = {isa = PBXFileReference; includeInIndex = 1; lastKnownFileType = text.xcconfig; name = "Pods-Project 1.debug.xcconfig"; path = "Pods/Target Support Files/Pods-Project 1/Pods-Project 1.debug.xcconfig"; sourceTree = "<group>"; };
		5D930A89BE165805125B09A3 /* Pods_Project_1UITests.framework */ = {isa = PBXFileReference; explicitFileType = wrapper.framework; includeInIndex = 0; path = Pods_Project_1UITests.framework; sourceTree = BUILT_PRODUCTS_DIR; };
		65C7541B56E8C9B15E07C82E /* Pods-Project 1UITests.debug.xcconfig */ = {isa = PBXFileReference; includeInIndex = 1; lastKnownFileType = text.xcconfig; name = "Pods-Project 1UITests.debug.xcconfig"; path = "Pods/Target Support Files/Pods-Project 1UITests/Pods-Project 1UITests.debug.xcconfig"; sourceTree = "<group>"; };
		8D375DB48DFF852F154124E4 /* Pods-Project 1.release.xcconfig */ = {isa = PBXFileReference; includeInIndex = 1; lastKnownFileType = text.xcconfig; name = "Pods-Project 1.release.xcconfig"; path = "Pods/Target Support Files/Pods-Project 1/Pods-Project 1.release.xcconfig"; sourceTree = "<group>"; };
		98755D606F21030134E55AE5 /* Pods_Project_1.framework */ = {isa = PBXFileReference; explicitFileType = wrapper.framework; includeInIndex = 0; path = Pods_Project_1.framework; sourceTree = BUILT_PRODUCTS_DIR; };
		DEBBCAF195A67B4DD12031F7 /* Pods-Project 1UITests.release.xcconfig */ = {isa = PBXFileReference; includeInIndex = 1; lastKnownFileType = text.xcconfig; name = "Pods-Project 1UITests.release.xcconfig"; path = "Pods/Target Support Files/Pods-Project 1UITests/Pods-Project 1UITests.release.xcconfig"; sourceTree = "<group>"; };
		E45C3C3F2045D8970042386B /* Project 1.app */ = {isa = PBXFileReference; explicitFileType = wrapper.application; includeInIndex = 0; path = "Project 1.app"; sourceTree = BUILT_PRODUCTS_DIR; };
		E45C3C422045D8980042386B /* AppDelegate.swift */ = {isa = PBXFileReference; lastKnownFileType = sourcecode.swift; path = AppDelegate.swift; sourceTree = "<group>"; };
		E45C3C442045D8980042386B /* FirstViewController.swift */ = {isa = PBXFileReference; lastKnownFileType = sourcecode.swift; path = FirstViewController.swift; sourceTree = "<group>"; };
		E45C3C462045D8980042386B /* SecondViewController.swift */ = {isa = PBXFileReference; lastKnownFileType = sourcecode.swift; path = SecondViewController.swift; sourceTree = "<group>"; };
		E45C3C492045D8980042386B /* Base */ = {isa = PBXFileReference; lastKnownFileType = file.storyboard; name = Base; path = Base.lproj/Main.storyboard; sourceTree = "<group>"; };
		E45C3C4B2045D8980042386B /* Assets.xcassets */ = {isa = PBXFileReference; lastKnownFileType = folder.assetcatalog; path = Assets.xcassets; sourceTree = "<group>"; };
		E45C3C4E2045D8980042386B /* Base */ = {isa = PBXFileReference; lastKnownFileType = file.storyboard; name = Base; path = Base.lproj/LaunchScreen.storyboard; sourceTree = "<group>"; };
		E45C3C502045D8980042386B /* Info.plist */ = {isa = PBXFileReference; lastKnownFileType = text.plist.xml; path = Info.plist; sourceTree = "<group>"; };
		E45C3C552045D8980042386B /* Project 1UITests.xctest */ = {isa = PBXFileReference; explicitFileType = wrapper.cfbundle; includeInIndex = 0; path = "Project 1UITests.xctest"; sourceTree = BUILT_PRODUCTS_DIR; };
		E45C3C592045D8980042386B /* Project_1UITests.swift */ = {isa = PBXFileReference; lastKnownFileType = sourcecode.swift; path = Project_1UITests.swift; sourceTree = "<group>"; };
		E45C3C5B2045D8980042386B /* Info.plist */ = {isa = PBXFileReference; lastKnownFileType = text.plist.xml; path = Info.plist; sourceTree = "<group>"; };
		E45C3C642045E2850042386B /* ThirdViewController.swift */ = {isa = PBXFileReference; lastKnownFileType = sourcecode.swift; path = ThirdViewController.swift; sourceTree = "<group>"; };
		E45C3C662045E29C0042386B /* FourthViewController.swift */ = {isa = PBXFileReference; lastKnownFileType = sourcecode.swift; path = FourthViewController.swift; sourceTree = "<group>"; };
		E45C3C682045E3A40042386B /* votes.swift */ = {isa = PBXFileReference; lastKnownFileType = sourcecode.swift; path = votes.swift; sourceTree = "<group>"; };
		E48F55E02054634A0092DE4D /* officecharacters.plist */ = {isa = PBXFileReference; fileEncoding = 4; lastKnownFileType = text.plist.xml; path = officecharacters.plist; sourceTree = "<group>"; };
		E48F693220545F9F0016AD7F /* GoogleService-Info.plist */ = {isa = PBXFileReference; fileEncoding = 4; lastKnownFileType = text.plist.xml; path = "GoogleService-Info.plist"; sourceTree = "<group>"; };
/* End PBXFileReference section */

/* Begin PBXFrameworksBuildPhase section */
		E45C3C3C2045D8970042386B /* Frameworks */ = {
			isa = PBXFrameworksBuildPhase;
			buildActionMask = 2147483647;
			files = (
				BFAE2C3EA18F457D06205ECE /* Pods_Project_1.framework in Frameworks */,
			);
			runOnlyForDeploymentPostprocessing = 0;
		};
		E45C3C522045D8980042386B /* Frameworks */ = {
			isa = PBXFrameworksBuildPhase;
			buildActionMask = 2147483647;
			files = (
				34EC98F56D27EA40A64D4549 /* Pods_Project_1UITests.framework in Frameworks */,
			);
			runOnlyForDeploymentPostprocessing = 0;
		};
/* End PBXFrameworksBuildPhase section */

/* Begin PBXGroup section */
		44CCB2864F05907EED4E38E1 /* Pods */ = {
			isa = PBXGroup;
			children = (
				4CA80E1B1AC1CF436EF9904D /* Pods-Project 1.debug.xcconfig */,
				8D375DB48DFF852F154124E4 /* Pods-Project 1.release.xcconfig */,
				65C7541B56E8C9B15E07C82E /* Pods-Project 1UITests.debug.xcconfig */,
				DEBBCAF195A67B4DD12031F7 /* Pods-Project 1UITests.release.xcconfig */,
			);
			name = Pods;
			sourceTree = "<group>";
		};
		D446E9C99172BEB925C4F810 /* Frameworks */ = {
			isa = PBXGroup;
			children = (
				98755D606F21030134E55AE5 /* Pods_Project_1.framework */,
				5D930A89BE165805125B09A3 /* Pods_Project_1UITests.framework */,
			);
			name = Frameworks;
			sourceTree = "<group>";
		};
		E45C3C362045D8970042386B = {
			isa = PBXGroup;
			children = (
				E45C3C412045D8970042386B /* Project 1 */,
				E45C3C582045D8980042386B /* Project 1UITests */,
				E45C3C402045D8970042386B /* Products */,
				44CCB2864F05907EED4E38E1 /* Pods */,
				D446E9C99172BEB925C4F810 /* Frameworks */,
			);
			sourceTree = "<group>";
		};
		E45C3C402045D8970042386B /* Products */ = {
			isa = PBXGroup;
			children = (
				E45C3C3F2045D8970042386B /* Project 1.app */,
				E45C3C552045D8980042386B /* Project 1UITests.xctest */,
			);
			name = Products;
			sourceTree = "<group>";
		};
		E45C3C412045D8970042386B /* Project 1 */ = {
			isa = PBXGroup;
			children = (
				E45C3C422045D8980042386B /* AppDelegate.swift */,
				E45C3C442045D8980042386B /* FirstViewController.swift */,
				E45C3C462045D8980042386B /* SecondViewController.swift */,
				E45C3C642045E2850042386B /* ThirdViewController.swift */,
				E45C3C662045E29C0042386B /* FourthViewController.swift */,
				E45C3C682045E3A40042386B /* votes.swift */,
				E45C3C482045D8980042386B /* Main.storyboard */,
				E45C3C4B2045D8980042386B /* Assets.xcassets */,
				E45C3C4D2045D8980042386B /* LaunchScreen.storyboard */,
				E48F693220545F9F0016AD7F /* GoogleService-Info.plist */,
				E48F55E02054634A0092DE4D /* officecharacters.plist */,
				E45C3C502045D8980042386B /* Info.plist */,
			);
			path = "Project 1";
			sourceTree = "<group>";
		};
		E45C3C582045D8980042386B /* Project 1UITests */ = {
			isa = PBXGroup;
			children = (
				E45C3C592045D8980042386B /* Project_1UITests.swift */,
				E45C3C5B2045D8980042386B /* Info.plist */,
			);
			path = "Project 1UITests";
			sourceTree = "<group>";
		};
/* End PBXGroup section */

/* Begin PBXNativeTarget section */
		E45C3C3E2045D8970042386B /* Project 1 */ = {
			isa = PBXNativeTarget;
			buildConfigurationList = E45C3C5E2045D8980042386B /* Build configuration list for PBXNativeTarget "Project 1" */;
			buildPhases = (
				68712D88E43ED6304FA7A471 /* [CP] Check Pods Manifest.lock */,
				E45C3C3B2045D8970042386B /* Sources */,
				E45C3C3C2045D8970042386B /* Frameworks */,
				E45C3C3D2045D8970042386B /* Resources */,
				08B8A88CBFDFB9BB974EE65E /* [CP] Embed Pods Frameworks */,
				71838B1CD3628D195BA24672 /* [CP] Copy Pods Resources */,
			);
			buildRules = (
			);
			dependencies = (
			);
			name = "Project 1";
			productName = "Project 1";
			productReference = E45C3C3F2045D8970042386B /* Project 1.app */;
			productType = "com.apple.product-type.application";
		};
		E45C3C542045D8980042386B /* Project 1UITests */ = {
			isa = PBXNativeTarget;
			buildConfigurationList = E45C3C612045D8980042386B /* Build configuration list for PBXNativeTarget "Project 1UITests" */;
			buildPhases = (
				5A24274DD4E592226256618A /* [CP] Check Pods Manifest.lock */,
				E45C3C512045D8980042386B /* Sources */,
				E45C3C522045D8980042386B /* Frameworks */,
				E45C3C532045D8980042386B /* Resources */,
				2EAA04234EE66800514CB960 /* [CP] Embed Pods Frameworks */,
				700F0626C6D10A2006E6B7A0 /* [CP] Copy Pods Resources */,
			);
			buildRules = (
			);
			dependencies = (
				E45C3C572045D8980042386B /* PBXTargetDependency */,
			);
			name = "Project 1UITests";
			productName = "Project 1UITests";
			productReference = E45C3C552045D8980042386B /* Project 1UITests.xctest */;
			productType = "com.apple.product-type.bundle.ui-testing";
		};
/* End PBXNativeTarget section */

/* Begin PBXProject section */
		E45C3C372045D8970042386B /* Project object */ = {
			isa = PBXProject;
			attributes = {
				LastSwiftUpdateCheck = 0920;
				LastUpgradeCheck = 0920;
				ORGANIZATIONNAME = "Alejandro Alvarez";
				TargetAttributes = {
					E45C3C3E2045D8970042386B = {
						CreatedOnToolsVersion = 9.2;
						ProvisioningStyle = Automatic;
					};
					E45C3C542045D8980042386B = {
						CreatedOnToolsVersion = 9.2;
						ProvisioningStyle = Automatic;
						TestTargetID = E45C3C3E2045D8970042386B;
					};
				};
			};
			buildConfigurationList = E45C3C3A2045D8970042386B /* Build configuration list for PBXProject "Project 1" */;
			compatibilityVersion = "Xcode 8.0";
			developmentRegion = en;
			hasScannedForEncodings = 0;
			knownRegions = (
				en,
				Base,
			);
			mainGroup = E45C3C362045D8970042386B;
			productRefGroup = E45C3C402045D8970042386B /* Products */;
			projectDirPath = "";
			projectRoot = "";
			targets = (
				E45C3C3E2045D8970042386B /* Project 1 */,
				E45C3C542045D8980042386B /* Project 1UITests */,
			);
		};
/* End PBXProject section */

/* Begin PBXResourcesBuildPhase section */
		E45C3C3D2045D8970042386B /* Resources */ = {
			isa = PBXResourcesBuildPhase;
			buildActionMask = 2147483647;
			files = (
				E48F693320545F9F0016AD7F /* GoogleService-Info.plist in Resources */,
				E48F55E12054634A0092DE4D /* officecharacters.plist in Resources */,
				E45C3C4F2045D8980042386B /* LaunchScreen.storyboard in Resources */,
				E45C3C4C2045D8980042386B /* Assets.xcassets in Resources */,
				E45C3C4A2045D8980042386B /* Main.storyboard in Resources */,
			);
			runOnlyForDeploymentPostprocessing = 0;
		};
		E45C3C532045D8980042386B /* Resources */ = {
			isa = PBXResourcesBuildPhase;
			buildActionMask = 2147483647;
			files = (
			);
			runOnlyForDeploymentPostprocessing = 0;
		};
/* End PBXResourcesBuildPhase section */

/* Begin PBXShellScriptBuildPhase section */
		08B8A88CBFDFB9BB974EE65E /* [CP] Embed Pods Frameworks */ = {
			isa = PBXShellScriptBuildPhase;
			buildActionMask = 2147483647;
			files = (
			);
			inputPaths = (
				"${SRCROOT}/Pods/Target Support Files/Pods-Project 1/Pods-Project 1-frameworks.sh",
				"${BUILT_PRODUCTS_DIR}/GoogleToolboxForMac/GoogleToolboxForMac.framework",
				"${BUILT_PRODUCTS_DIR}/nanopb/nanopb.framework",
			);
			name = "[CP] Embed Pods Frameworks";
			outputPaths = (
				"${TARGET_BUILD_DIR}/${FRAMEWORKS_FOLDER_PATH}/GoogleToolboxForMac.framework",
				"${TARGET_BUILD_DIR}/${FRAMEWORKS_FOLDER_PATH}/nanopb.framework",
			);
			runOnlyForDeploymentPostprocessing = 0;
			shellPath = /bin/sh;
			shellScript = "\"${SRCROOT}/Pods/Target Support Files/Pods-Project 1/Pods-Project 1-frameworks.sh\"\n";
			showEnvVarsInLog = 0;
		};
		2EAA04234EE66800514CB960 /* [CP] Embed Pods Frameworks */ = {
			isa = PBXShellScriptBuildPhase;
			buildActionMask = 2147483647;
			files = (
			);
			inputPaths = (
			);
			name = "[CP] Embed Pods Frameworks";
			outputPaths = (
			);
			runOnlyForDeploymentPostprocessing = 0;
			shellPath = /bin/sh;
			shellScript = "\"${SRCROOT}/Pods/Target Support Files/Pods-Project 1UITests/Pods-Project 1UITests-frameworks.sh\"\n";
			showEnvVarsInLog = 0;
		};
		5A24274DD4E592226256618A /* [CP] Check Pods Manifest.lock */ = {
			isa = PBXShellScriptBuildPhase;
			buildActionMask = 2147483647;
			files = (
			);
			inputPaths = (
				"${PODS_PODFILE_DIR_PATH}/Podfile.lock",
				"${PODS_ROOT}/Manifest.lock",
			);
			name = "[CP] Check Pods Manifest.lock";
			outputPaths = (
				"$(DERIVED_FILE_DIR)/Pods-Project 1UITests-checkManifestLockResult.txt",
			);
			runOnlyForDeploymentPostprocessing = 0;
			shellPath = /bin/sh;
			shellScript = "diff \"${PODS_PODFILE_DIR_PATH}/Podfile.lock\" \"${PODS_ROOT}/Manifest.lock\" > /dev/null\nif [ $? != 0 ] ; then\n    # print error to STDERR\n    echo \"error: The sandbox is not in sync with the Podfile.lock. Run 'pod install' or update your CocoaPods installation.\" >&2\n    exit 1\nfi\n# This output is used by Xcode 'outputs' to avoid re-running this script phase.\necho \"SUCCESS\" > \"${SCRIPT_OUTPUT_FILE_0}\"\n";
			showEnvVarsInLog = 0;
		};
		68712D88E43ED6304FA7A471 /* [CP] Check Pods Manifest.lock */ = {
			isa = PBXShellScriptBuildPhase;
			buildActionMask = 2147483647;
			files = (
			);
			inputPaths = (
				"${PODS_PODFILE_DIR_PATH}/Podfile.lock",
				"${PODS_ROOT}/Manifest.lock",
			);
			name = "[CP] Check Pods Manifest.lock";
			outputPaths = (
				"$(DERIVED_FILE_DIR)/Pods-Project 1-checkManifestLockResult.txt",
			);
			runOnlyForDeploymentPostprocessing = 0;
			shellPath = /bin/sh;
			shellScript = "diff \"${PODS_PODFILE_DIR_PATH}/Podfile.lock\" \"${PODS_ROOT}/Manifest.lock\" > /dev/null\nif [ $? != 0 ] ; then\n    # print error to STDERR\n    echo \"error: The sandbox is not in sync with the Podfile.lock. Run 'pod install' or update your CocoaPods installation.\" >&2\n    exit 1\nfi\n# This output is used by Xcode 'outputs' to avoid re-running this script phase.\necho \"SUCCESS\" > \"${SCRIPT_OUTPUT_FILE_0}\"\n";
			showEnvVarsInLog = 0;
		};
		700F0626C6D10A2006E6B7A0 /* [CP] Copy Pods Resources */ = {
			isa = PBXShellScriptBuildPhase;
			buildActionMask = 2147483647;
			files = (
			);
			inputPaths = (
			);
			name = "[CP] Copy Pods Resources";
			outputPaths = (
			);
			runOnlyForDeploymentPostprocessing = 0;
			shellPath = /bin/sh;
			shellScript = "\"${SRCROOT}/Pods/Target Support Files/Pods-Project 1UITests/Pods-Project 1UITests-resources.sh\"\n";
			showEnvVarsInLog = 0;
		};
		71838B1CD3628D195BA24672 /* [CP] Copy Pods Resources */ = {
			isa = PBXShellScriptBuildPhase;
			buildActionMask = 2147483647;
			files = (
			);
			inputPaths = (
			);
			name = "[CP] Copy Pods Resources";
			outputPaths = (
			);
			runOnlyForDeploymentPostprocessing = 0;
			shellPath = /bin/sh;
			shellScript = "\"${SRCROOT}/Pods/Target Support Files/Pods-Project 1/Pods-Project 1-resources.sh\"\n";
			showEnvVarsInLog = 0;
		};
/* End PBXShellScriptBuildPhase section */

/* Begin PBXSourcesBuildPhase section */
		E45C3C3B2045D8970042386B /* Sources */ = {
			isa = PBXSourcesBuildPhase;
			buildActionMask = 2147483647;
			files = (
				E45C3C472045D8980042386B /* SecondViewController.swift in Sources */,
				E45C3C692045E3A40042386B /* votes.swift in Sources */,
				E45C3C432045D8980042386B /* AppDelegate.swift in Sources */,
				E45C3C652045E2850042386B /* ThirdViewController.swift in Sources */,
				E45C3C452045D8980042386B /* FirstViewController.swift in Sources */,
				E45C3C672045E29C0042386B /* FourthViewController.swift in Sources */,
			);
			runOnlyForDeploymentPostprocessing = 0;
		};
		E45C3C512045D8980042386B /* Sources */ = {
			isa = PBXSourcesBuildPhase;
			buildActionMask = 2147483647;
			files = (
				E45C3C5A2045D8980042386B /* Project_1UITests.swift in Sources */,
			);
			runOnlyForDeploymentPostprocessing = 0;
		};
/* End PBXSourcesBuildPhase section */

/* Begin PBXTargetDependency section */
		E45C3C572045D8980042386B /* PBXTargetDependency */ = {
			isa = PBXTargetDependency;
			target = E45C3C3E2045D8970042386B /* Project 1 */;
			targetProxy = E45C3C562045D8980042386B /* PBXContainerItemProxy */;
		};
/* End PBXTargetDependency section */

/* Begin PBXVariantGroup section */
		E45C3C482045D8980042386B /* Main.storyboard */ = {
			isa = PBXVariantGroup;
			children = (
				E45C3C492045D8980042386B /* Base */,
			);
			name = Main.storyboard;
			sourceTree = "<group>";
		};
		E45C3C4D2045D8980042386B /* LaunchScreen.storyboard */ = {
			isa = PBXVariantGroup;
			children = (
				E45C3C4E2045D8980042386B /* Base */,
			);
			name = LaunchScreen.storyboard;
			sourceTree = "<group>";
		};
/* End PBXVariantGroup section */

/* Begin XCBuildConfiguration section */
		E45C3C5C2045D8980042386B /* Debug */ = {
			isa = XCBuildConfiguration;
			buildSettings = {
				ALWAYS_SEARCH_USER_PATHS = NO;
				CLANG_ANALYZER_NONNULL = YES;
				CLANG_ANALYZER_NUMBER_OBJECT_CONVERSION = YES_AGGRESSIVE;
				CLANG_CXX_LANGUAGE_STANDARD = "gnu++14";
				CLANG_CXX_LIBRARY = "libc++";
				CLANG_ENABLE_MODULES = YES;
				CLANG_ENABLE_OBJC_ARC = YES;
				CLANG_WARN_BLOCK_CAPTURE_AUTORELEASING = YES;
				CLANG_WARN_BOOL_CONVERSION = YES;
				CLANG_WARN_COMMA = YES;
				CLANG_WARN_CONSTANT_CONVERSION = YES;
				CLANG_WARN_DIRECT_OBJC_ISA_USAGE = YES_ERROR;
				CLANG_WARN_DOCUMENTATION_COMMENTS = YES;
				CLANG_WARN_EMPTY_BODY = YES;
				CLANG_WARN_ENUM_CONVERSION = YES;
				CLANG_WARN_INFINITE_RECURSION = YES;
				CLANG_WARN_INT_CONVERSION = YES;
				CLANG_WARN_NON_LITERAL_NULL_CONVERSION = YES;
				CLANG_WARN_OBJC_LITERAL_CONVERSION = YES;
				CLANG_WARN_OBJC_ROOT_CLASS = YES_ERROR;
				CLANG_WARN_RANGE_LOOP_ANALYSIS = YES;
				CLANG_WARN_STRICT_PROTOTYPES = YES;
				CLANG_WARN_SUSPICIOUS_MOVE = YES;
				CLANG_WARN_UNGUARDED_AVAILABILITY = YES_AGGRESSIVE;
				CLANG_WARN_UNREACHABLE_CODE = YES;
				CLANG_WARN__DUPLICATE_METHOD_MATCH = YES;
				CODE_SIGN_IDENTITY = "iPhone Developer";
				COPY_PHASE_STRIP = NO;
				DEBUG_INFORMATION_FORMAT = dwarf;
				ENABLE_STRICT_OBJC_MSGSEND = YES;
				ENABLE_TESTABILITY = YES;
				GCC_C_LANGUAGE_STANDARD = gnu11;
				GCC_DYNAMIC_NO_PIC = NO;
				GCC_NO_COMMON_BLOCKS = YES;
				GCC_OPTIMIZATION_LEVEL = 0;
				GCC_PREPROCESSOR_DEFINITIONS = (
					"DEBUG=1",
					"$(inherited)",
				);
				GCC_WARN_64_TO_32_BIT_CONVERSION = YES;
				GCC_WARN_ABOUT_RETURN_TYPE = YES_ERROR;
				GCC_WARN_UNDECLARED_SELECTOR = YES;
				GCC_WARN_UNINITIALIZED_AUTOS = YES_AGGRESSIVE;
				GCC_WARN_UNUSED_FUNCTION = YES;
				GCC_WARN_UNUSED_VARIABLE = YES;
				IPHONEOS_DEPLOYMENT_TARGET = 11.2;
				MTL_ENABLE_DEBUG_INFO = YES;
				ONLY_ACTIVE_ARCH = YES;
				SDKROOT = iphoneos;
				SWIFT_ACTIVE_COMPILATION_CONDITIONS = DEBUG;
				SWIFT_OPTIMIZATION_LEVEL = "-Onone";
			};
			name = Debug;
		};
		E45C3C5D2045D8980042386B /* Release */ = {
			isa = XCBuildConfiguration;
			buildSettings = {
				ALWAYS_SEARCH_USER_PATHS = NO;
				CLANG_ANALYZER_NONNULL = YES;
				CLANG_ANALYZER_NUMBER_OBJECT_CONVERSION = YES_AGGRESSIVE;
				CLANG_CXX_LANGUAGE_STANDARD = "gnu++14";
				CLANG_CXX_LIBRARY = "libc++";
				CLANG_ENABLE_MODULES = YES;
				CLANG_ENABLE_OBJC_ARC = YES;
				CLANG_WARN_BLOCK_CAPTURE_AUTORELEASING = YES;
				CLANG_WARN_BOOL_CONVERSION = YES;
				CLANG_WARN_COMMA = YES;
				CLANG_WARN_CONSTANT_CONVERSION = YES;
				CLANG_WARN_DIRECT_OBJC_ISA_USAGE = YES_ERROR;
				CLANG_WARN_DOCUMENTATION_COMMENTS = YES;
				CLANG_WARN_EMPTY_BODY = YES;
				CLANG_WARN_ENUM_CONVERSION = YES;
				CLANG_WARN_INFINITE_RECURSION = YES;
				CLANG_WARN_INT_CONVERSION = YES;
				CLANG_WARN_NON_LITERAL_NULL_CONVERSION = YES;
				CLANG_WARN_OBJC_LITERAL_CONVERSION = YES;
				CLANG_WARN_OBJC_ROOT_CLASS = YES_ERROR;
				CLANG_WARN_RANGE_LOOP_ANALYSIS = YES;
				CLANG_WARN_STRICT_PROTOTYPES = YES;
				CLANG_WARN_SUSPICIOUS_MOVE = YES;
				CLANG_WARN_UNGUARDED_AVAILABILITY = YES_AGGRESSIVE;
				CLANG_WARN_UNREACHABLE_CODE = YES;
				CLANG_WARN__DUPLICATE_METHOD_MATCH = YES;
				CODE_SIGN_IDENTITY = "iPhone Developer";
				COPY_PHASE_STRIP = NO;
				DEBUG_INFORMATION_FORMAT = "dwarf-with-dsym";
				ENABLE_NS_ASSERTIONS = NO;
				ENABLE_STRICT_OBJC_MSGSEND = YES;
				GCC_C_LANGUAGE_STANDARD = gnu11;
				GCC_NO_COMMON_BLOCKS = YES;
				GCC_WARN_64_TO_32_BIT_CONVERSION = YES;
				GCC_WARN_ABOUT_RETURN_TYPE = YES_ERROR;
				GCC_WARN_UNDECLARED_SELECTOR = YES;
				GCC_WARN_UNINITIALIZED_AUTOS = YES_AGGRESSIVE;
				GCC_WARN_UNUSED_FUNCTION = YES;
				GCC_WARN_UNUSED_VARIABLE = YES;
				IPHONEOS_DEPLOYMENT_TARGET = 11.2;
				MTL_ENABLE_DEBUG_INFO = NO;
				SDKROOT = iphoneos;
				SWIFT_OPTIMIZATION_LEVEL = "-Owholemodule";
				VALIDATE_PRODUCT = YES;
			};
			name = Release;
		};
		E45C3C5F2045D8980042386B /* Debug */ = {
			isa = XCBuildConfiguration;
			baseConfigurationReference = 4CA80E1B1AC1CF436EF9904D /* Pods-Project 1.debug.xcconfig */;
			buildSettings = {
				ASSETCATALOG_COMPILER_APPICON_NAME = AppIcon;
				CODE_SIGN_STYLE = Automatic;
				DEVELOPMENT_TEAM = 2RG9C52WUZ;
				INFOPLIST_FILE = "Project 1/Info.plist";
				LD_RUNPATH_SEARCH_PATHS = "$(inherited) @executable_path/Frameworks";
				PRODUCT_BUNDLE_IDENTIFIER = "CU-Student.Project-1";
				PRODUCT_NAME = "$(TARGET_NAME)";
				SWIFT_VERSION = 4.0;
				TARGETED_DEVICE_FAMILY = "1,2";
			};
			name = Debug;
		};
		E45C3C602045D8980042386B /* Release */ = {
			isa = XCBuildConfiguration;
			baseConfigurationReference = 8D375DB48DFF852F154124E4 /* Pods-Project 1.release.xcconfig */;
			buildSettings = {
				ASSETCATALOG_COMPILER_APPICON_NAME = AppIcon;
				CODE_SIGN_STYLE = Automatic;
				DEVELOPMENT_TEAM = 2RG9C52WUZ;
				INFOPLIST_FILE = "Project 1/Info.plist";
				LD_RUNPATH_SEARCH_PATHS = "$(inherited) @executable_path/Frameworks";
				PRODUCT_BUNDLE_IDENTIFIER = "CU-Student.Project-1";
				PRODUCT_NAME = "$(TARGET_NAME)";
				SWIFT_VERSION = 4.0;
				TARGETED_DEVICE_FAMILY = "1,2";
			};
			name = Release;
		};
		E45C3C622045D8980042386B /* Debug */ = {
			isa = XCBuildConfiguration;
			baseConfigurationReference = 65C7541B56E8C9B15E07C82E /* Pods-Project 1UITests.debug.xcconfig */;
			buildSettings = {
				ALWAYS_EMBED_SWIFT_STANDARD_LIBRARIES = YES;
				CODE_SIGN_STYLE = Automatic;
				DEVELOPMENT_TEAM = 2RG9C52WUZ;
				INFOPLIST_FILE = "Project 1UITests/Info.plist";
				LD_RUNPATH_SEARCH_PATHS = "$(inherited) @executable_path/Frameworks @loader_path/Frameworks";
				PRODUCT_BUNDLE_IDENTIFIER = "CU-Student.Project-1UITests";
				PRODUCT_NAME = "$(TARGET_NAME)";
				SWIFT_VERSION = 4.0;
				TARGETED_DEVICE_FAMILY = "1,2";
				TEST_TARGET_NAME = "Project 1";
			};
			name = Debug;
		};
		E45C3C632045D8980042386B /* Release */ = {
			isa = XCBuildConfiguration;
			baseConfigurationReference = DEBBCAF195A67B4DD12031F7 /* Pods-Project 1UITests.release.xcconfig */;
			buildSettings = {
				ALWAYS_EMBED_SWIFT_STANDARD_LIBRARIES = YES;
				CODE_SIGN_STYLE = Automatic;
				DEVELOPMENT_TEAM = 2RG9C52WUZ;
				INFOPLIST_FILE = "Project 1UITests/Info.plist";
				LD_RUNPATH_SEARCH_PATHS = "$(inherited) @executable_path/Frameworks @loader_path/Frameworks";
				PRODUCT_BUNDLE_IDENTIFIER = "CU-Student.Project-1UITests";
				PRODUCT_NAME = "$(TARGET_NAME)";
				SWIFT_VERSION = 4.0;
				TARGETED_DEVICE_FAMILY = "1,2";
				TEST_TARGET_NAME = "Project 1";
			};
			name = Release;
		};
/* End XCBuildConfiguration section */

/* Begin XCConfigurationList section */
		E45C3C3A2045D8970042386B /* Build configuration list for PBXProject "Project 1" */ = {
			isa = XCConfigurationList;
			buildConfigurations = (
				E45C3C5C2045D8980042386B /* Debug */,
				E45C3C5D2045D8980042386B /* Release */,
			);
			defaultConfigurationIsVisible = 0;
			defaultConfigurationName = Release;
		};
		E45C3C5E2045D8980042386B /* Build configuration list for PBXNativeTarget "Project 1" */ = {
			isa = XCConfigurationList;
			buildConfigurations = (
				E45C3C5F2045D8980042386B /* Debug */,
				E45C3C602045D8980042386B /* Release */,
			);
			defaultConfigurationIsVisible = 0;
			defaultConfigurationName = Release;
		};
		E45C3C612045D8980042386B /* Build configuration list for PBXNativeTarget "Project 1UITests" */ = {
			isa = XCConfigurationList;
			buildConfigurations = (
				E45C3C622045D8980042386B /* Debug */,
				E45C3C632045D8980042386B /* Release */,
			);
			defaultConfigurationIsVisible = 0;
			defaultConfigurationName = Release;
		};
/* End XCConfigurationList section */
	};
	rootObject = E45C3C372045D8970042386B /* Project object */;
}
